# This file is automatically @generated by Cargo.
# It is not intended for manual editing.
version = 4

[[package]]
name = "rulesteward-auditd"
version = "0.1.0-dev"

[[package]]
name = "rulesteward-cli"
version = "0.1.0-dev"

[[package]]
name = "rulesteward-core"
version = "0.1.0-dev"

[[package]]
name = "rulesteward-fapolicyd"
version = "0.1.0-dev"

[[package]]
name = "rulesteward-license"
version = "0.1.0-dev"

[[package]]
name = "rulesteward-selinux"
version = "0.1.0-dev"

[[package]]
name = "rulesteward-sink"
version = "0.1.0-dev"
